// !$*UTF8*$!
{
	archiveVersion = 1;
	classes = {
	};
	objectVersion = 50;
	objects = {

/* Begin PBXBuildFile section */
		A35648F52517CF9800B3E933 /* NetworkManagerProtocol.swift in Sources */ = {isa = PBXBuildFile; fileRef = A35648F42517CF9800B3E933 /* NetworkManagerProtocol.swift */; };
		A35649012517D14600B3E933 /* Weather.swift in Sources */ = {isa = PBXBuildFile; fileRef = A35648FF2517D14600B3E933 /* Weather.swift */; };
		A35649022517D14600B3E933 /* Forecast.swift in Sources */ = {isa = PBXBuildFile; fileRef = A35649002517D14600B3E933 /* Forecast.swift */; };
		A36B42F0250C3140007FE10F /* WeatherModel.swift in Sources */ = {isa = PBXBuildFile; fileRef = A36B42EF250C3140007FE10F /* WeatherModel.swift */; };
		A36B42F2250C342D007FE10F /* ForecastCell.swift in Sources */ = {isa = PBXBuildFile; fileRef = A36B42F1250C342D007FE10F /* ForecastCell.swift */; };
		A36B42F4250C3581007FE10F /* WeatherNetworkService.swift in Sources */ = {isa = PBXBuildFile; fileRef = A36B42F3250C3581007FE10F /* WeatherNetworkService.swift */; };
		A36D4F57250D1BB90032936B /* APIError.swift in Sources */ = {isa = PBXBuildFile; fileRef = A36D4F56250D1BB90032936B /* APIError.swift */; };
		A36D4F59250D2C0F0032936B /* DateExtension.swift in Sources */ = {isa = PBXBuildFile; fileRef = A36D4F58250D2C0F0032936B /* DateExtension.swift */; };
		A39ABA89250BD23200F2E83E /* AppDelegate.swift in Sources */ = {isa = PBXBuildFile; fileRef = A39ABA88250BD23200F2E83E /* AppDelegate.swift */; };
		A39ABA8B250BD23200F2E83E /* SceneDelegate.swift in Sources */ = {isa = PBXBuildFile; fileRef = A39ABA8A250BD23200F2E83E /* SceneDelegate.swift */; };
		A39ABA8D250BD23200F2E83E /* WeatherVC.swift in Sources */ = {isa = PBXBuildFile; fileRef = A39ABA8C250BD23200F2E83E /* WeatherVC.swift */; };
		A39ABA90250BD23200F2E83E /* Main.storyboard in Resources */ = {isa = PBXBuildFile; fileRef = A39ABA8E250BD23200F2E83E /* Main.storyboard */; };
		A39ABA92250BD23300F2E83E /* Assets.xcassets in Resources */ = {isa = PBXBuildFile; fileRef = A39ABA91250BD23300F2E83E /* Assets.xcassets */; };
		A39ABA95250BD23300F2E83E /* LaunchScreen.storyboard in Resources */ = {isa = PBXBuildFile; fileRef = A39ABA93250BD23300F2E83E /* LaunchScreen.storyboard */; };
/* End PBXBuildFile section */

/* Begin PBXFileReference section */
		A35648F42517CF9800B3E933 /* NetworkManagerProtocol.swift */ = {isa = PBXFileReference; lastKnownFileType = sourcecode.swift; path = NetworkManagerProtocol.swift; sourceTree = "<group>"; };
		A35648FF2517D14600B3E933 /* Weather.swift */ = {isa = PBXFileReference; fileEncoding = 4; lastKnownFileType = sourcecode.swift; path = Weather.swift; sourceTree = "<group>"; };
		A35649002517D14600B3E933 /* Forecast.swift */ = {isa = PBXFileReference; fileEncoding = 4; lastKnownFileType = sourcecode.swift; path = Forecast.swift; sourceTree = "<group>"; };
		A36B42EF250C3140007FE10F /* WeatherModel.swift */ = {isa = PBXFileReference; lastKnownFileType = sourcecode.swift; path = WeatherModel.swift; sourceTree = "<group>"; };
		A36B42F1250C342D007FE10F /* ForecastCell.swift */ = {isa = PBXFileReference; lastKnownFileType = sourcecode.swift; path = ForecastCell.swift; sourceTree = "<group>"; };
		A36B42F3250C3581007FE10F /* WeatherNetworkService.swift */ = {isa = PBXFileReference; lastKnownFileType = sourcecode.swift; path = WeatherNetworkService.swift; sourceTree = "<group>"; };
		A36D4F56250D1BB90032936B /* APIError.swift */ = {isa = PBXFileReference; fileEncoding = 4; lastKnownFileType = sourcecode.swift; path = APIError.swift; sourceTree = "<group>"; };
		A36D4F58250D2C0F0032936B /* DateExtension.swift */ = {isa = PBXFileReference; lastKnownFileType = sourcecode.swift; path = DateExtension.swift; sourceTree = "<group>"; };
		A39ABA85250BD23200F2E83E /* Weather.app */ = {isa = PBXFileReference; explicitFileType = wrapper.application; includeInIndex = 0; path = Weather.app; sourceTree = BUILT_PRODUCTS_DIR; };
		A39ABA88250BD23200F2E83E /* AppDelegate.swift */ = {isa = PBXFileReference; lastKnownFileType = sourcecode.swift; path = AppDelegate.swift; sourceTree = "<group>"; };
		A39ABA8A250BD23200F2E83E /* SceneDelegate.swift */ = {isa = PBXFileReference; lastKnownFileType = sourcecode.swift; path = SceneDelegate.swift; sourceTree = "<group>"; };
		A39ABA8C250BD23200F2E83E /* WeatherVC.swift */ = {isa = PBXFileReference; lastKnownFileType = sourcecode.swift; path = WeatherVC.swift; sourceTree = "<group>"; };
		A39ABA8F250BD23200F2E83E /* Base */ = {isa = PBXFileReference; lastKnownFileType = file.storyboard; name = Base; path = Base.lproj/Main.storyboard; sourceTree = "<group>"; };
		A39ABA91250BD23300F2E83E /* Assets.xcassets */ = {isa = PBXFileReference; lastKnownFileType = folder.assetcatalog; path = Assets.xcassets; sourceTree = "<group>"; };
		A39ABA94250BD23300F2E83E /* Base */ = {isa = PBXFileReference; lastKnownFileType = file.storyboard; name = Base; path = Base.lproj/LaunchScreen.storyboard; sourceTree = "<group>"; };
		A39ABA96250BD23300F2E83E /* Info.plist */ = {isa = PBXFileReference; lastKnownFileType = text.plist.xml; path = Info.plist; sourceTree = "<group>"; };
/* End PBXFileReference section */

/* Begin PBXFrameworksBuildPhase section */
		A39ABA82250BD23200F2E83E /* Frameworks */ = {
			isa = PBXFrameworksBuildPhase;
			buildActionMask = 2147483647;
			files = (
			);
			runOnlyForDeploymentPostprocessing = 0;
		};
/* End PBXFrameworksBuildPhase section */

/* Begin PBXGroup section */
		A35649042517D14D00B3E933 /* Archive */ = {
			isa = PBXGroup;
			children = (
				A35648FF2517D14600B3E933 /* Weather.swift */,
				A35649002517D14600B3E933 /* Forecast.swift */,
			);
			path = Archive;
			sourceTree = "<group>";
		};
		A36B42E9250C21D9007FE10F /* Model */ = {
			isa = PBXGroup;
			children = (
				A35649042517D14D00B3E933 /* Archive */,
				A36B42EF250C3140007FE10F /* WeatherModel.swift */,
			);
			path = Model;
			sourceTree = "<group>";
		};
		A36B42EA250C21E2007FE10F /* View */ = {
			isa = PBXGroup;
			children = (
				A36B42F1250C342D007FE10F /* ForecastCell.swift */,
			);
			path = View;
			sourceTree = "<group>";
		};
		A36B42EB250C21E5007FE10F /* Controller */ = {
			isa = PBXGroup;
			children = (
				A39ABA8C250BD23200F2E83E /* WeatherVC.swift */,
			);
			path = Controller;
			sourceTree = "<group>";
		};
		A36B42EC250C2225007FE10F /* Services */ = {
			isa = PBXGroup;
			children = (
				A3EBA0202518149700BFB9FB /* Archive */,
				A36B42F3250C3581007FE10F /* WeatherNetworkService.swift */,
				A36D4F56250D1BB90032936B /* APIError.swift */,
			);
			path = Services;
			sourceTree = "<group>";
		};
		A39ABA7C250BD23200F2E83E = {
			isa = PBXGroup;
			children = (
				A39ABA87250BD23200F2E83E /* Weather */,
				A39ABA86250BD23200F2E83E /* Products */,
			);
			sourceTree = "<group>";
		};
		A39ABA86250BD23200F2E83E /* Products */ = {
			isa = PBXGroup;
			children = (
				A39ABA85250BD23200F2E83E /* Weather.app */,
			);
			name = Products;
			sourceTree = "<group>";
		};
		A39ABA87250BD23200F2E83E /* Weather */ = {
			isa = PBXGroup;
			children = (
				A3EBA025251816D800BFB9FB /* Extensions */,
				A36B42EB250C21E5007FE10F /* Controller */,
				A36B42EA250C21E2007FE10F /* View */,
				A36B42E9250C21D9007FE10F /* Model */,
				A36B42EC250C2225007FE10F /* Services */,
				A39ABA88250BD23200F2E83E /* AppDelegate.swift */,
				A39ABA8A250BD23200F2E83E /* SceneDelegate.swift */,
				A39ABA8E250BD23200F2E83E /* Main.storyboard */,
				A39ABA91250BD23300F2E83E /* Assets.xcassets */,
				A39ABA93250BD23300F2E83E /* LaunchScreen.storyboard */,
				A39ABA96250BD23300F2E83E /* Info.plist */,
			);
			path = Weather;
			sourceTree = "<group>";
		};
		A3EBA0202518149700BFB9FB /* Archive */ = {
			isa = PBXGroup;
			children = (
				A35648F42517CF9800B3E933 /* NetworkManagerProtocol.swift */,
			);
			path = Archive;
			sourceTree = "<group>";
		};
		A3EBA025251816D800BFB9FB /* Extensions */ = {
			isa = PBXGroup;
			children = (
				A36D4F58250D2C0F0032936B /* DateExtension.swift */,
			);
			path = Extensions;
			sourceTree = "<group>";
		};
/* End PBXGroup section */

/* Begin PBXNativeTarget section */
		A39ABA84250BD23200F2E83E /* Weather */ = {
			isa = PBXNativeTarget;
			buildConfigurationList = A39ABA99250BD23300F2E83E /* Build configuration list for PBXNativeTarget "Weather" */;
			buildPhases = (
				A39ABA81250BD23200F2E83E /* Sources */,
				A39ABA82250BD23200F2E83E /* Frameworks */,
				A39ABA83250BD23200F2E83E /* Resources */,
			);
			buildRules = (
			);
			dependencies = (
			);
			name = Weather;
			productName = Weather;
			productReference = A39ABA85250BD23200F2E83E /* Weather.app */;
			productType = "com.apple.product-type.application";
		};
/* End PBXNativeTarget section */

/* Begin PBXProject section */
		A39ABA7D250BD23200F2E83E /* Project object */ = {
			isa = PBXProject;
			attributes = {
				LastSwiftUpdateCheck = 1170;
				LastUpgradeCheck = 1200;
				ORGANIZATIONNAME = "Jonathan Tsistinas";
				TargetAttributes = {
					A39ABA84250BD23200F2E83E = {
						CreatedOnToolsVersion = 11.7;
					};
				};
			};
			buildConfigurationList = A39ABA80250BD23200F2E83E /* Build configuration list for PBXProject "Weather" */;
			compatibilityVersion = "Xcode 9.3";
			developmentRegion = en;
			hasScannedForEncodings = 0;
			knownRegions = (
				en,
				Base,
			);
			mainGroup = A39ABA7C250BD23200F2E83E;
			productRefGroup = A39ABA86250BD23200F2E83E /* Products */;
			projectDirPath = "";
			projectRoot = "";
			targets = (
				A39ABA84250BD23200F2E83E /* Weather */,
			);
		};
/* End PBXProject section */

/* Begin PBXResourcesBuildPhase section */
		A39ABA83250BD23200F2E83E /* Resources */ = {
			isa = PBXResourcesBuildPhase;
			buildActionMask = 2147483647;
			files = (
				A39ABA95250BD23300F2E83E /* LaunchScreen.storyboard in Resources */,
				A39ABA92250BD23300F2E83E /* Assets.xcassets in Resources */,
				A39ABA90250BD23200F2E83E /* Main.storyboard in Resources */,
			);
			runOnlyForDeploymentPostprocessing = 0;
		};
/* End PBXResourcesBuildPhase section */

/* Begin PBXSourcesBuildPhase section */
		A39ABA81250BD23200F2E83E /* Sources */ = {
			isa = PBXSourcesBuildPhase;
			buildActionMask = 2147483647;
			files = (
				A35648F52517CF9800B3E933 /* NetworkManagerProtocol.swift in Sources */,
				A36B42F2250C342D007FE10F /* ForecastCell.swift in Sources */,
				A36B42F0250C3140007FE10F /* WeatherModel.swift in Sources */,
				A35649012517D14600B3E933 /* Weather.swift in Sources */,
				A35649022517D14600B3E933 /* Forecast.swift in Sources */,
				A39ABA8D250BD23200F2E83E /* WeatherVC.swift in Sources */,
				A36B42F4250C3581007FE10F /* WeatherNetworkService.swift in Sources */,
				A36D4F59250D2C0F0032936B /* DateExtension.swift in Sources */,
				A39ABA89250BD23200F2E83E /* AppDelegate.swift in Sources */,
				A36D4F57250D1BB90032936B /* APIError.swift in Sources */,
				A39ABA8B250BD23200F2E83E /* SceneDelegate.swift in Sources */,
			);
			runOnlyForDeploymentPostprocessing = 0;
		};
/* End PBXSourcesBuildPhase section */

/* Begin PBXVariantGroup section */
		A39ABA8E250BD23200F2E83E /* Main.storyboard */ = {
			isa = PBXVariantGroup;
			children = (
				A39ABA8F250BD23200F2E83E /* Base */,
			);
			name = Main.storyboard;
			sourceTree = "<group>";
		};
		A39ABA93250BD23300F2E83E /* LaunchScreen.storyboard */ = {
			isa = PBXVariantGroup;
			children = (
				A39ABA94250BD23300F2E83E /* Base */,
			);
			name = LaunchScreen.storyboard;
			sourceTree = "<group>";
		};
/* End PBXVariantGroup section */

/* Begin XCBuildConfiguration section */
		A39ABA97250BD23300F2E83E /* Debug */ = {
			isa = XCBuildConfiguration;
			buildSettings = {
				ALWAYS_SEARCH_USER_PATHS = NO;
				CLANG_ANALYZER_NONNULL = YES;
				CLANG_ANALYZER_NUMBER_OBJECT_CONVERSION = YES_AGGRESSIVE;
				CLANG_CXX_LANGUAGE_STANDARD = "gnu++14";
				CLANG_CXX_LIBRARY = "libc++";
				CLANG_ENABLE_MODULES = YES;
				CLANG_ENABLE_OBJC_ARC = YES;
				CLANG_ENABLE_OBJC_WEAK = YES;
				CLANG_WARN_BLOCK_CAPTURE_AUTORELEASING = YES;
				CLANG_WARN_BOOL_CONVERSION = YES;
				CLANG_WARN_COMMA = YES;
				CLANG_WARN_CONSTANT_CONVERSION = YES;
				CLANG_WARN_DEPRECATED_OBJC_IMPLEMENTATIONS = YES;
				CLANG_WARN_DIRECT_OBJC_ISA_USAGE = YES_ERROR;
				CLANG_WARN_DOCUMENTATION_COMMENTS = YES;
				CLANG_WARN_EMPTY_BODY = YES;
				CLANG_WARN_ENUM_CONVERSION = YES;
				CLANG_WARN_INFINITE_RECURSION = YES;
				CLANG_WARN_INT_CONVERSION = YES;
				CLANG_WARN_NON_LITERAL_NULL_CONVERSION = YES;
				CLANG_WARN_OBJC_IMPLICIT_RETAIN_SELF = YES;
				CLANG_WARN_OBJC_LITERAL_CONVERSION = YES;
				CLANG_WARN_OBJC_ROOT_CLASS = YES_ERROR;
				CLANG_WARN_QUOTED_INCLUDE_IN_FRAMEWORK_HEADER = YES;
				CLANG_WARN_RANGE_LOOP_ANALYSIS = YES;
				CLANG_WARN_STRICT_PROTOTYPES = YES;
				CLANG_WARN_SUSPICIOUS_MOVE = YES;
				CLANG_WARN_UNGUARDED_AVAILABILITY = YES_AGGRESSIVE;
				CLANG_WARN_UNREACHABLE_CODE = YES;
				CLANG_WARN__DUPLICATE_METHOD_MATCH = YES;
				COPY_PHASE_STRIP = NO;
				DEBUG_INFORMATION_FORMAT = dwarf;
				ENABLE_STRICT_OBJC_MSGSEND = YES;
				ENABLE_TESTABILITY = YES;
				GCC_C_LANGUAGE_STANDARD = gnu11;
				GCC_DYNAMIC_NO_PIC = NO;
				GCC_NO_COMMON_BLOCKS = YES;
				GCC_OPTIMIZATION_LEVEL = 0;
				GCC_PREPROCESSOR_DEFINITIONS = (
					"DEBUG=1",
					"$(inherited)",
				);
				GCC_WARN_64_TO_32_BIT_CONVERSION = YES;
				GCC_WARN_ABOUT_RETURN_TYPE = YES_ERROR;
				GCC_WARN_UNDECLARED_SELECTOR = YES;
				GCC_WARN_UNINITIALIZED_AUTOS = YES_AGGRESSIVE;
				GCC_WARN_UNUSED_FUNCTION = YES;
				GCC_WARN_UNUSED_VARIABLE = YES;
				IPHONEOS_DEPLOYMENT_TARGET = 13.7;
				MTL_ENABLE_DEBUG_INFO = INCLUDE_SOURCE;
				MTL_FAST_MATH = YES;
				ONLY_ACTIVE_ARCH = YES;
				SDKROOT = iphoneos;
				SWIFT_ACTIVE_COMPILATION_CONDITIONS = DEBUG;
				SWIFT_OPTIMIZATION_LEVEL = "-Onone";
			};
			name = Debug;
		};
		A39ABA98250BD23300F2E83E /* Release */ = {
			isa = XCBuildConfiguration;
			buildSettings = {
				ALWAYS_SEARCH_USER_PATHS = NO;
				CLANG_ANALYZER_NONNULL = YES;
				CLANG_ANALYZER_NUMBER_OBJECT_CONVERSION = YES_AGGRESSIVE;
				CLANG_CXX_LANGUAGE_STANDARD = "gnu++14";
				CLANG_CXX_LIBRARY = "libc++";
				CLANG_ENABLE_MODULES = YES;
				CLANG_ENABLE_OBJC_ARC = YES;
				CLANG_ENABLE_OBJC_WEAK = YES;
				CLANG_WARN_BLOCK_CAPTURE_AUTORELEASING = YES;
				CLANG_WARN_BOOL_CONVERSION = YES;
				CLANG_WARN_COMMA = YES;
				CLANG_WARN_CONSTANT_CONVERSION = YES;
				CLANG_WARN_DEPRECATED_OBJC_IMPLEMENTATIONS = YES;
				CLANG_WARN_DIRECT_OBJC_ISA_USAGE = YES_ERROR;
				CLANG_WARN_DOCUMENTATION_COMMENTS = YES;
				CLANG_WARN_EMPTY_BODY = YES;
				CLANG_WARN_ENUM_CONVERSION = YES;
				CLANG_WARN_INFINITE_RECURSION = YES;
				CLANG_WARN_INT_CONVERSION = YES;
				CLANG_WARN_NON_LITERAL_NULL_CONVERSION = YES;
				CLANG_WARN_OBJC_IMPLICIT_RETAIN_SELF = YES;
				CLANG_WARN_OBJC_LITERAL_CONVERSION = YES;
				CLANG_WARN_OBJC_ROOT_CLASS = YES_ERROR;
				CLANG_WARN_QUOTED_INCLUDE_IN_FRAMEWORK_HEADER = YES;
				CLANG_WARN_RANGE_LOOP_ANALYSIS = YES;
				CLANG_WARN_STRICT_PROTOTYPES = YES;
				CLANG_WARN_SUSPICIOUS_MOVE = YES;
				CLANG_WARN_UNGUARDED_AVAILABILITY = YES_AGGRESSIVE;
				CLANG_WARN_UNREACHABLE_CODE = YES;
				CLANG_WARN__DUPLICATE_METHOD_MATCH = YES;
				COPY_PHASE_STRIP = NO;
				DEBUG_INFORMATION_FORMAT = "dwarf-with-dsym";
				ENABLE_NS_ASSERTIONS = NO;
				ENABLE_STRICT_OBJC_MSGSEND = YES;
				GCC_C_LANGUAGE_STANDARD = gnu11;
				GCC_NO_COMMON_BLOCKS = YES;
				GCC_WARN_64_TO_32_BIT_CONVERSION = YES;
				GCC_WARN_ABOUT_RETURN_TYPE = YES_ERROR;
				GCC_WARN_UNDECLARED_SELECTOR = YES;
				GCC_WARN_UNINITIALIZED_AUTOS = YES_AGGRESSIVE;
				GCC_WARN_UNUSED_FUNCTION = YES;
				GCC_WARN_UNUSED_VARIABLE = YES;
				IPHONEOS_DEPLOYMENT_TARGET = 13.7;
				MTL_ENABLE_DEBUG_INFO = NO;
				MTL_FAST_MATH = YES;
				SDKROOT = iphoneos;
				SWIFT_COMPILATION_MODE = wholemodule;
				SWIFT_OPTIMIZATION_LEVEL = "-O";
				VALIDATE_PRODUCT = YES;
			};
			name = Release;
		};
		A39ABA9A250BD23300F2E83E /* Debug */ = {
			isa = XCBuildConfiguration;
			buildSettings = {
				ASSETCATALOG_COMPILER_APPICON_NAME = AppIcon;
				CODE_SIGN_STYLE = Automatic;
				DEVELOPMENT_TEAM = KMTZDB3J22;
				INFOPLIST_FILE = Weather/Info.plist;
				LD_RUNPATH_SEARCH_PATHS = (
					"$(inherited)",
					"@executable_path/Frameworks",
				);
				PRODUCT_BUNDLE_IDENTIFIER = com.Tostitos.Weather;
				PRODUCT_NAME = "$(TARGET_NAME)";
				SWIFT_VERSION = 5.0;
				TARGETED_DEVICE_FAMILY = "1,2";
			};
			name = Debug;
		};
		A39ABA9B250BD23300F2E83E /* Release */ = {
			isa = XCBuildConfiguration;
			buildSettings = {
				ASSETCATALOG_COMPILER_APPICON_NAME = AppIcon;
				CODE_SIGN_STYLE = Automatic;
				DEVELOPMENT_TEAM = KMTZDB3J22;
				INFOPLIST_FILE = Weather/Info.plist;
				LD_RUNPATH_SEARCH_PATHS = (
					"$(inherited)",
					"@executable_path/Frameworks",
				);
				PRODUCT_BUNDLE_IDENTIFIER = com.Tostitos.Weather;
				PRODUCT_NAME = "$(TARGET_NAME)";
				SWIFT_VERSION = 5.0;
				TARGETED_DEVICE_FAMILY = "1,2";
			};
			name = Release;
		};
/* End XCBuildConfiguration section */

/* Begin XCConfigurationList section */
		A39ABA80250BD23200F2E83E /* Build configuration list for PBXProject "Weather" */ = {
			isa = XCConfigurationList;
			buildConfigurations = (
				A39ABA97250BD23300F2E83E /* Debug */,
				A39ABA98250BD23300F2E83E /* Release */,
			);
			defaultConfigurationIsVisible = 0;
			defaultConfigurationName = Release;
		};
		A39ABA99250BD23300F2E83E /* Build configuration list for PBXNativeTarget "Weather" */ = {
			isa = XCConfigurationList;
			buildConfigurations = (
				A39ABA9A250BD23300F2E83E /* Debug */,
				A39ABA9B250BD23300F2E83E /* Release */,
			);
			defaultConfigurationIsVisible = 0;
			defaultConfigurationName = Release;
		};
/* End XCConfigurationList section */
	};
	rootObject = A39ABA7D250BD23200F2E83E /* Project object */;
}
